// !$*UTF8*$!
{
	archiveVersion = 1;
	classes = {
	};
	objectVersion = 48;
	objects = {

/* Begin PBXBuildFile section */
		AF56A3681F8C941D007A4A15 /* AppDelegate.swift in Sources */ = {isa = PBXBuildFile; fileRef = AF56A3671F8C941D007A4A15 /* AppDelegate.swift */; };
		AF56A36D1F8C941D007A4A15 /* Main.storyboard in Resources */ = {isa = PBXBuildFile; fileRef = AF56A36B1F8C941D007A4A15 /* Main.storyboard */; };
		AF56A36F1F8C941D007A4A15 /* Assets.xcassets in Resources */ = {isa = PBXBuildFile; fileRef = AF56A36E1F8C941D007A4A15 /* Assets.xcassets */; };
		AF56A3721F8C941D007A4A15 /* LaunchScreen.storyboard in Resources */ = {isa = PBXBuildFile; fileRef = AF56A3701F8C941D007A4A15 /* LaunchScreen.storyboard */; };
		AF56A37A1F8CA6F5007A4A15 /* StepViewController.swift in Sources */ = {isa = PBXBuildFile; fileRef = AF56A3791F8CA6F5007A4A15 /* StepViewController.swift */; };
		AF56A37C1F8CA72B007A4A15 /* RecipeViewController.swift in Sources */ = {isa = PBXBuildFile; fileRef = AF56A37B1F8CA72B007A4A15 /* RecipeViewController.swift */; };
		AF56A37E1F8CA7CF007A4A15 /* RecipeIngredient.swift in Sources */ = {isa = PBXBuildFile; fileRef = AF56A37D1F8CA7CF007A4A15 /* RecipeIngredient.swift */; };
		AF56A3801F8CAAB0007A4A15 /* RecipeStepCell.swift in Sources */ = {isa = PBXBuildFile; fileRef = AF56A37F1F8CAAB0007A4A15 /* RecipeStepCell.swift */; };
		AF56A3821F8CAD0C007A4A15 /* RecipeStep.swift in Sources */ = {isa = PBXBuildFile; fileRef = AF56A3811F8CAD0C007A4A15 /* RecipeStep.swift */; };
		AF56A3861F8CB164007A4A15 /* StepCell.swift in Sources */ = {isa = PBXBuildFile; fileRef = AF56A3851F8CB164007A4A15 /* StepCell.swift */; };
/* End PBXBuildFile section */

/* Begin PBXFileReference section */
		AF56A3641F8C941D007A4A15 /* CreateRecipe.app */ = {isa = PBXFileReference; explicitFileType = wrapper.application; includeInIndex = 0; path = CreateRecipe.app; sourceTree = BUILT_PRODUCTS_DIR; };
		AF56A3671F8C941D007A4A15 /* AppDelegate.swift */ = {isa = PBXFileReference; lastKnownFileType = sourcecode.swift; path = AppDelegate.swift; sourceTree = "<group>"; };
		AF56A36C1F8C941D007A4A15 /* Base */ = {isa = PBXFileReference; lastKnownFileType = file.storyboard; name = Base; path = Base.lproj/Main.storyboard; sourceTree = "<group>"; };
		AF56A36E1F8C941D007A4A15 /* Assets.xcassets */ = {isa = PBXFileReference; lastKnownFileType = folder.assetcatalog; path = Assets.xcassets; sourceTree = "<group>"; };
		AF56A3711F8C941D007A4A15 /* Base */ = {isa = PBXFileReference; lastKnownFileType = file.storyboard; name = Base; path = Base.lproj/LaunchScreen.storyboard; sourceTree = "<group>"; };
		AF56A3731F8C941D007A4A15 /* Info.plist */ = {isa = PBXFileReference; lastKnownFileType = text.plist.xml; path = Info.plist; sourceTree = "<group>"; };
		AF56A3791F8CA6F5007A4A15 /* StepViewController.swift */ = {isa = PBXFileReference; lastKnownFileType = sourcecode.swift; path = StepViewController.swift; sourceTree = "<group>"; };
		AF56A37B1F8CA72B007A4A15 /* RecipeViewController.swift */ = {isa = PBXFileReference; lastKnownFileType = sourcecode.swift; path = RecipeViewController.swift; sourceTree = "<group>"; };
		AF56A37D1F8CA7CF007A4A15 /* RecipeIngredient.swift */ = {isa = PBXFileReference; lastKnownFileType = sourcecode.swift; path = RecipeIngredient.swift; sourceTree = "<group>"; };
		AF56A37F1F8CAAB0007A4A15 /* RecipeStepCell.swift */ = {isa = PBXFileReference; lastKnownFileType = sourcecode.swift; path = RecipeStepCell.swift; sourceTree = "<group>"; };
		AF56A3811F8CAD0C007A4A15 /* RecipeStep.swift */ = {isa = PBXFileReference; lastKnownFileType = sourcecode.swift; path = RecipeStep.swift; sourceTree = "<group>"; };
		AF56A3851F8CB164007A4A15 /* StepCell.swift */ = {isa = PBXFileReference; lastKnownFileType = sourcecode.swift; path = StepCell.swift; sourceTree = "<group>"; };
/* End PBXFileReference section */

/* Begin PBXFrameworksBuildPhase section */
		AF56A3611F8C941D007A4A15 /* Frameworks */ = {
			isa = PBXFrameworksBuildPhase;
			buildActionMask = 2147483647;
			files = (
			);
			runOnlyForDeploymentPostprocessing = 0;
		};
/* End PBXFrameworksBuildPhase section */

/* Begin PBXGroup section */
		AF4F53141F8D183F003FE890 /* Models */ = {
			isa = PBXGroup;
			children = (
				AF56A37D1F8CA7CF007A4A15 /* RecipeIngredient.swift */,
				AF56A3811F8CAD0C007A4A15 /* RecipeStep.swift */,
			);
			path = Models;
			sourceTree = "<group>";
		};
		AF4F53151F8D185C003FE890 /* Views */ = {
			isa = PBXGroup;
			children = (
				AF56A37F1F8CAAB0007A4A15 /* RecipeStepCell.swift */,
				AF56A3851F8CB164007A4A15 /* StepCell.swift */,
			);
			path = Views;
			sourceTree = "<group>";
		};
		AF4F53161F8D1865003FE890 /* Controllers */ = {
			isa = PBXGroup;
			children = (
				AF56A3791F8CA6F5007A4A15 /* StepViewController.swift */,
				AF56A37B1F8CA72B007A4A15 /* RecipeViewController.swift */,
			);
			path = Controllers;
			sourceTree = "<group>";
		};
		AF56A35B1F8C941D007A4A15 = {
			isa = PBXGroup;
			children = (
				AF56A3661F8C941D007A4A15 /* CreateRecipe */,
				AF56A3651F8C941D007A4A15 /* Products */,
			);
			sourceTree = "<group>";
		};
		AF56A3651F8C941D007A4A15 /* Products */ = {
			isa = PBXGroup;
			children = (
				AF56A3641F8C941D007A4A15 /* CreateRecipe.app */,
			);
			name = Products;
			sourceTree = "<group>";
		};
		AF56A3661F8C941D007A4A15 /* CreateRecipe */ = {
			isa = PBXGroup;
			children = (
				AF4F53141F8D183F003FE890 /* Models */,
				AF4F53151F8D185C003FE890 /* Views */,
				AF4F53161F8D1865003FE890 /* Controllers */,
				AF56A3671F8C941D007A4A15 /* AppDelegate.swift */,
				AF56A36B1F8C941D007A4A15 /* Main.storyboard */,
				AF56A36E1F8C941D007A4A15 /* Assets.xcassets */,
				AF56A3701F8C941D007A4A15 /* LaunchScreen.storyboard */,
				AF56A3731F8C941D007A4A15 /* Info.plist */,
			);
			path = CreateRecipe;
			sourceTree = "<group>";
		};
/* End PBXGroup section */

/* Begin PBXNativeTarget section */
		AF56A3631F8C941D007A4A15 /* CreateRecipe */ = {
			isa = PBXNativeTarget;
			buildConfigurationList = AF56A3761F8C941D007A4A15 /* Build configuration list for PBXNativeTarget "CreateRecipe" */;
			buildPhases = (
				AF56A3601F8C941D007A4A15 /* Sources */,
				AF56A3611F8C941D007A4A15 /* Frameworks */,
				AF56A3621F8C941D007A4A15 /* Resources */,
			);
			buildRules = (
			);
			dependencies = (
			);
			name = CreateRecipe;
			productName = CreateRecipe;
			productReference = AF56A3641F8C941D007A4A15 /* CreateRecipe.app */;
			productType = "com.apple.product-type.application";
		};
/* End PBXNativeTarget section */

/* Begin PBXProject section */
		AF56A35C1F8C941D007A4A15 /* Project object */ = {
			isa = PBXProject;
			attributes = {
				LastSwiftUpdateCheck = 0900;
				LastUpgradeCheck = 0900;
				ORGANIZATIONNAME = Vijayanand;
				TargetAttributes = {
					AF56A3631F8C941D007A4A15 = {
						CreatedOnToolsVersion = 9.0;
						ProvisioningStyle = Automatic;
					};
				};
			};
			buildConfigurationList = AF56A35F1F8C941D007A4A15 /* Build configuration list for PBXProject "CreateRecipe" */;
			compatibilityVersion = "Xcode 8.0";
			developmentRegion = en;
			hasScannedForEncodings = 0;
			knownRegions = (
				en,
				Base,
			);
			mainGroup = AF56A35B1F8C941D007A4A15;
			productRefGroup = AF56A3651F8C941D007A4A15 /* Products */;
			projectDirPath = "";
			projectRoot = "";
			targets = (
				AF56A3631F8C941D007A4A15 /* CreateRecipe */,
			);
		};
/* End PBXProject section */

/* Begin PBXResourcesBuildPhase section */
		AF56A3621F8C941D007A4A15 /* Resources */ = {
			isa = PBXResourcesBuildPhase;
			buildActionMask = 2147483647;
			files = (
				AF56A3721F8C941D007A4A15 /* LaunchScreen.storyboard in Resources */,
				AF56A36F1F8C941D007A4A15 /* Assets.xcassets in Resources */,
				AF56A36D1F8C941D007A4A15 /* Main.storyboard in Resources */,
			);
			runOnlyForDeploymentPostprocessing = 0;
		};
/* End PBXResourcesBuildPhase section */

/* Begin PBXSourcesBuildPhase section */
		AF56A3601F8C941D007A4A15 /* Sources */ = {
			isa = PBXSourcesBuildPhase;
			buildActionMask = 2147483647;
			files = (
				AF56A3801F8CAAB0007A4A15 /* RecipeStepCell.swift in Sources */,
				AF56A3821F8CAD0C007A4A15 /* RecipeStep.swift in Sources */,
				AF56A3681F8C941D007A4A15 /* AppDelegate.swift in Sources */,
				AF56A37A1F8CA6F5007A4A15 /* StepViewController.swift in Sources */,
				AF56A37E1F8CA7CF007A4A15 /* RecipeIngredient.swift in Sources */,
				AF56A3861F8CB164007A4A15 /* StepCell.swift in Sources */,
				AF56A37C1F8CA72B007A4A15 /* RecipeViewController.swift in Sources */,
			);
			runOnlyForDeploymentPostprocessing = 0;
		};
/* End PBXSourcesBuildPhase section */

/* Begin PBXVariantGroup section */
		AF56A36B1F8C941D007A4A15 /* Main.storyboard */ = {
			isa = PBXVariantGroup;
			children = (
				AF56A36C1F8C941D007A4A15 /* Base */,
			);
			name = Main.storyboard;
			sourceTree = "<group>";
		};
		AF56A3701F8C941D007A4A15 /* LaunchScreen.storyboard */ = {
			isa = PBXVariantGroup;
			children = (
				AF56A3711F8C941D007A4A15 /* Base */,
			);
			name = LaunchScreen.storyboard;
			sourceTree = "<group>";
		};
/* End PBXVariantGroup section */

/* Begin XCBuildConfiguration section */
		AF56A3741F8C941D007A4A15 /* Debug */ = {
			isa = XCBuildConfiguration;
			buildSettings = {
				ALWAYS_SEARCH_USER_PATHS = NO;
				CLANG_ANALYZER_NONNULL = YES;
				CLANG_ANALYZER_NUMBER_OBJECT_CONVERSION = YES_AGGRESSIVE;
				CLANG_CXX_LANGUAGE_STANDARD = "gnu++14";
				CLANG_CXX_LIBRARY = "libc++";
				CLANG_ENABLE_MODULES = YES;
				CLANG_ENABLE_OBJC_ARC = YES;
				CLANG_WARN_BLOCK_CAPTURE_AUTORELEASING = YES;
				CLANG_WARN_BOOL_CONVERSION = YES;
				CLANG_WARN_COMMA = YES;
				CLANG_WARN_CONSTANT_CONVERSION = YES;
				CLANG_WARN_DIRECT_OBJC_ISA_USAGE = YES_ERROR;
				CLANG_WARN_DOCUMENTATION_COMMENTS = YES;
				CLANG_WARN_EMPTY_BODY = YES;
				CLANG_WARN_ENUM_CONVERSION = YES;
				CLANG_WARN_INFINITE_RECURSION = YES;
				CLANG_WARN_INT_CONVERSION = YES;
				CLANG_WARN_NON_LITERAL_NULL_CONVERSION = YES;
				CLANG_WARN_OBJC_LITERAL_CONVERSION = YES;
				CLANG_WARN_OBJC_ROOT_CLASS = YES_ERROR;
				CLANG_WARN_RANGE_LOOP_ANALYSIS = YES;
				CLANG_WARN_STRICT_PROTOTYPES = YES;
				CLANG_WARN_SUSPICIOUS_MOVE = YES;
				CLANG_WARN_UNGUARDED_AVAILABILITY = YES_AGGRESSIVE;
				CLANG_WARN_UNREACHABLE_CODE = YES;
				CLANG_WARN__DUPLICATE_METHOD_MATCH = YES;
				CODE_SIGN_IDENTITY = "iPhone Developer";
				COPY_PHASE_STRIP = NO;
				DEBUG_INFORMATION_FORMAT = dwarf;
				ENABLE_STRICT_OBJC_MSGSEND = YES;
				ENABLE_TESTABILITY = YES;
				GCC_C_LANGUAGE_STANDARD = gnu11;
				GCC_DYNAMIC_NO_PIC = NO;
				GCC_NO_COMMON_BLOCKS = YES;
				GCC_OPTIMIZATION_LEVEL = 0;
				GCC_PREPROCESSOR_DEFINITIONS = (
					"DEBUG=1",
					"$(inherited)",
				);
				GCC_WARN_64_TO_32_BIT_CONVERSION = YES;
				GCC_WARN_ABOUT_RETURN_TYPE = YES_ERROR;
				GCC_WARN_UNDECLARED_SELECTOR = YES;
				GCC_WARN_UNINITIALIZED_AUTOS = YES_AGGRESSIVE;
				GCC_WARN_UNUSED_FUNCTION = YES;
				GCC_WARN_UNUSED_VARIABLE = YES;
				IPHONEOS_DEPLOYMENT_TARGET = 11.0;
				MTL_ENABLE_DEBUG_INFO = YES;
				ONLY_ACTIVE_ARCH = YES;
				SDKROOT = iphoneos;
				SWIFT_ACTIVE_COMPILATION_CONDITIONS = DEBUG;
				SWIFT_OPTIMIZATION_LEVEL = "-Onone";
			};
			name = Debug;
		};
		AF56A3751F8C941D007A4A15 /* Release */ = {
			isa = XCBuildConfiguration;
			buildSettings = {
				ALWAYS_SEARCH_USER_PATHS = NO;
				CLANG_ANALYZER_NONNULL = YES;
				CLANG_ANALYZER_NUMBER_OBJECT_CONVERSION = YES_AGGRESSIVE;
				CLANG_CXX_LANGUAGE_STANDARD = "gnu++14";
				CLANG_CXX_LIBRARY = "libc++";
				CLANG_ENABLE_MODULES = YES;
				CLANG_ENABLE_OBJC_ARC = YES;
				CLANG_WARN_BLOCK_CAPTURE_AUTORELEASING = YES;
				CLANG_WARN_BOOL_CONVERSION = YES;
				CLANG_WARN_COMMA = YES;
				CLANG_WARN_CONSTANT_CONVERSION = YES;
				CLANG_WARN_DIRECT_OBJC_ISA_USAGE = YES_ERROR;
				CLANG_WARN_DOCUMENTATION_COMMENTS = YES;
				CLANG_WARN_EMPTY_BODY = YES;
				CLANG_WARN_ENUM_CONVERSION = YES;
				CLANG_WARN_INFINITE_RECURSION = YES;
				CLANG_WARN_INT_CONVERSION = YES;
				CLANG_WARN_NON_LITERAL_NULL_CONVERSION = YES;
				CLANG_WARN_OBJC_LITERAL_CONVERSION = YES;
				CLANG_WARN_OBJC_ROOT_CLASS = YES_ERROR;
				CLANG_WARN_RANGE_LOOP_ANALYSIS = YES;
				CLANG_WARN_STRICT_PROTOTYPES = YES;
				CLANG_WARN_SUSPICIOUS_MOVE = YES;
				CLANG_WARN_UNGUARDED_AVAILABILITY = YES_AGGRESSIVE;
				CLANG_WARN_UNREACHABLE_CODE = YES;
				CLANG_WARN__DUPLICATE_METHOD_MATCH = YES;
				CODE_SIGN_IDENTITY = "iPhone Developer";
				COPY_PHASE_STRIP = NO;
				DEBUG_INFORMATION_FORMAT = "dwarf-with-dsym";
				ENABLE_NS_ASSERTIONS = NO;
				ENABLE_STRICT_OBJC_MSGSEND = YES;
				GCC_C_LANGUAGE_STANDARD = gnu11;
				GCC_NO_COMMON_BLOCKS = YES;
				GCC_WARN_64_TO_32_BIT_CONVERSION = YES;
				GCC_WARN_ABOUT_RETURN_TYPE = YES_ERROR;
				GCC_WARN_UNDECLARED_SELECTOR = YES;
				GCC_WARN_UNINITIALIZED_AUTOS = YES_AGGRESSIVE;
				GCC_WARN_UNUSED_FUNCTION = YES;
				GCC_WARN_UNUSED_VARIABLE = YES;
				IPHONEOS_DEPLOYMENT_TARGET = 11.0;
				MTL_ENABLE_DEBUG_INFO = NO;
				SDKROOT = iphoneos;
				SWIFT_OPTIMIZATION_LEVEL = "-Owholemodule";
				VALIDATE_PRODUCT = YES;
			};
			name = Release;
		};
		AF56A3771F8C941D007A4A15 /* Debug */ = {
			isa = XCBuildConfiguration;
			buildSettings = {
				ASSETCATALOG_COMPILER_APPICON_NAME = AppIcon;
				CODE_SIGN_STYLE = Automatic;
				INFOPLIST_FILE = CreateRecipe/Info.plist;
				LD_RUNPATH_SEARCH_PATHS = "$(inherited) @executable_path/Frameworks";
				PRODUCT_BUNDLE_IDENTIFIER = com.codepath.CreateRecipe;
				PRODUCT_NAME = "$(TARGET_NAME)";
				SWIFT_VERSION = 4.0;
				TARGETED_DEVICE_FAMILY = "1,2";
			};
			name = Debug;
		};
		AF56A3781F8C941D007A4A15 /* Release */ = {
			isa = XCBuildConfiguration;
			buildSettings = {
				ASSETCATALOG_COMPILER_APPICON_NAME = AppIcon;
				CODE_SIGN_STYLE = Automatic;
				INFOPLIST_FILE = CreateRecipe/Info.plist;
				LD_RUNPATH_SEARCH_PATHS = "$(inherited) @executable_path/Frameworks";
				PRODUCT_BUNDLE_IDENTIFIER = com.codepath.CreateRecipe;
				PRODUCT_NAME = "$(TARGET_NAME)";
				SWIFT_VERSION = 4.0;
				TARGETED_DEVICE_FAMILY = "1,2";
			};
			name = Release;
		};
/* End XCBuildConfiguration section */

/* Begin XCConfigurationList section */
		AF56A35F1F8C941D007A4A15 /* Build configuration list for PBXProject "CreateRecipe" */ = {
			isa = XCConfigurationList;
			buildConfigurations = (
				AF56A3741F8C941D007A4A15 /* Debug */,
				AF56A3751F8C941D007A4A15 /* Release */,
			);
			defaultConfigurationIsVisible = 0;
			defaultConfigurationName = Release;
		};
		AF56A3761F8C941D007A4A15 /* Build configuration list for PBXNativeTarget "CreateRecipe" */ = {
			isa = XCConfigurationList;
			buildConfigurations = (
				AF56A3771F8C941D007A4A15 /* Debug */,
				AF56A3781F8C941D007A4A15 /* Release */,
			);
			defaultConfigurationIsVisible = 0;
			defaultConfigurationName = Release;
		};
/* End XCConfigurationList section */
	};
	rootObject = AF56A35C1F8C941D007A4A15 /* Project object */;
}
